
Microsoft Visual Studio Solution File, Format Version 11.00
# Visual Studio 2010
Project("{FAE04EC0-301F-11D3-BF4B-00C04F79EFBC}") = "UniTask.Linq", "UniTask.Linq.csproj", "{aace86f3-d262-e99e-bf09-0c726157794f}"
EndProject
Project("{FAE04EC0-301F-11D3-BF4B-00C04F79EFBC}") = "UniTask", "UniTask.csproj", "{32f0e88d-b18c-52cd-cf67-46cf60e730fe}"
EndProject
Project("{FAE04EC0-301F-11D3-BF4B-00C04F79EFBC}") = "Assembly-CSharp", "Assembly-CSharp.csproj", "{fb5eb908-d2f5-02cb-1509-4aa8f008b78f}"
EndProject
Project("{FAE04EC0-301F-11D3-BF4B-00C04F79EFBC}") = "HSVPicker.Editors", "HSVPicker.Editors.csproj", "{455cb2b8-7ac2-4e01-c6c5-75400539fb19}"
EndProject
Project("{FAE04EC0-301F-11D3-BF4B-00C04F79EFBC}") = "DOTween.Modules", "DOTween.Modules.csproj", "{dcc69608-2af9-0132-718e-e297422e3047}"
EndProject
Project("{FAE04EC0-301F-11D3-BF4B-00C04F79EFBC}") = "HSVPicker", "HSVPicker.csproj", "{8b4ece93-8581-efa7-9673-147f85a0cfa0}"
EndProject
Project("{FAE04EC0-301F-11D3-BF4B-00C04F79EFBC}") = "UniTask.Addressables", "UniTask.Addressables.csproj", "{2b7ae40e-721e-f5b2-107e-9ef025f360d9}"
EndProject
Project("{FAE04EC0-301F-11D3-BF4B-00C04F79EFBC}") = "Assembly-CSharp-Editor", "Assembly-CSharp-Editor.csproj", "{d0347a63-d204-17ed-01bb-c45fb133e637}"
EndProject
Project("{FAE04EC0-301F-11D3-BF4B-00C04F79EFBC}") = "UniTask.TextMeshPro", "UniTask.TextMeshPro.csproj", "{4e9a7c4a-28a0-89eb-e0d4-0b4d717f7e39}"
EndProject
Project("{FAE04EC0-301F-11D3-BF4B-00C04F79EFBC}") = "UniTask.DOTween", "UniTask.DOTween.csproj", "{3565fed2-0de9-652c-f940-737357ae959c}"
EndProject
Project("{FAE04EC0-301F-11D3-BF4B-00C04F79EFBC}") = "UniTask.Editor", "UniTask.Editor.csproj", "{03ca59fc-0622-c177-08a4-722c0df5aeab}"
EndProject
Project("{FAE04EC0-301F-11D3-BF4B-00C04F79EFBC}") = "Assembly-CSharp-Editor-firstpass", "Assembly-CSharp-Editor-firstpass.csproj", "{eb44f540-1205-2e95-8c31-dbee3f9fb38a}"
EndProject
Project("{FAE04EC0-301F-11D3-BF4B-00C04F79EFBC}") = "Assembly-CSharp-firstpass", "Assembly-CSharp-firstpass.csproj", "{1f16ecaa-490e-df44-a6c4-d1b5f4a79e6a}"
EndProject
Global
	GlobalSection(SolutionConfigurationPlatforms) = preSolution
		Debug|Any CPU = Debug|Any CPU
	EndGlobalSection
	GlobalSection(ProjectConfigurationPlatforms) = postSolution
		{aace86f3-d262-e99e-bf09-0c726157794f}.Debug|Any CPU.ActiveCfg = Debug|Any CPU
		{aace86f3-d262-e99e-bf09-0c726157794f}.Debug|Any CPU.Build.0 = Debug|Any CPU
		{32f0e88d-b18c-52cd-cf67-46cf60e730fe}.Debug|Any CPU.ActiveCfg = Debug|Any CPU
		{32f0e88d-b18c-52cd-cf67-46cf60e730fe}.Debug|Any CPU.Build.0 = Debug|Any CPU
		{fb5eb908-d2f5-02cb-1509-4aa8f008b78f}.Debug|Any CPU.ActiveCfg = Debug|Any CPU
		{fb5eb908-d2f5-02cb-1509-4aa8f008b78f}.Debug|Any CPU.Build.0 = Debug|Any CPU
		{455cb2b8-7ac2-4e01-c6c5-75400539fb19}.Debug|Any CPU.ActiveCfg = Debug|Any CPU
		{455cb2b8-7ac2-4e01-c6c5-75400539fb19}.Debug|Any CPU.Build.0 = Debug|Any CPU
		{dcc69608-2af9-0132-718e-e297422e3047}.Debug|Any CPU.ActiveCfg = Debug|Any CPU
		{dcc69608-2af9-0132-718e-e297422e3047}.Debug|Any CPU.Build.0 = Debug|Any CPU
		{8b4ece93-8581-efa7-9673-147f85a0cfa0}.Debug|Any CPU.ActiveCfg = Debug|Any CPU
		{8b4ece93-8581-efa7-9673-147f85a0cfa0}.Debug|Any CPU.Build.0 = Debug|Any CPU
		{2b7ae40e-721e-f5b2-107e-9ef025f360d9}.Debug|Any CPU.ActiveCfg = Debug|Any CPU
		{2b7ae40e-721e-f5b2-107e-9ef025f360d9}.Debug|Any CPU.Build.0 = Debug|Any CPU
		{d0347a63-d204-17ed-01bb-c45fb133e637}.Debug|Any CPU.ActiveCfg = Debug|Any CPU
		{d0347a63-d204-17ed-01bb-c45fb133e637}.Debug|Any CPU.Build.0 = Debug|Any CPU
		{4e9a7c4a-28a0-89eb-e0d4-0b4d717f7e39}.Debug|Any CPU.ActiveCfg = Debug|Any CPU
		{4e9a7c4a-28a0-89eb-e0d4-0b4d717f7e39}.Debug|Any CPU.Build.0 = Debug|Any CPU
		{3565fed2-0de9-652c-f940-737357ae959c}.Debug|Any CPU.ActiveCfg = Debug|Any CPU
		{3565fed2-0de9-652c-f940-737357ae959c}.Debug|Any CPU.Build.0 = Debug|Any CPU
		{03ca59fc-0622-c177-08a4-722c0df5aeab}.Debug|Any CPU.ActiveCfg = Debug|Any CPU
		{03ca59fc-0622-c177-08a4-722c0df5aeab}.Debug|Any CPU.Build.0 = Debug|Any CPU
		{eb44f540-1205-2e95-8c31-dbee3f9fb38a}.Debug|Any CPU.ActiveCfg = Debug|Any CPU
		{eb44f540-1205-2e95-8c31-dbee3f9fb38a}.Debug|Any CPU.Build.0 = Debug|Any CPU
		{1f16ecaa-490e-df44-a6c4-d1b5f4a79e6a}.Debug|Any CPU.ActiveCfg = Debug|Any CPU
		{1f16ecaa-490e-df44-a6c4-d1b5f4a79e6a}.Debug|Any CPU.Build.0 = Debug|Any CPU
	EndGlobalSection
	GlobalSection(SolutionProperties) = preSolution
		HideSolutionNode = FALSE
	EndGlobalSection
EndGlobal
