
Microsoft Visual Studio Solution File, Format Version 11.00
# Visual Studio 2010
Project("{FAE04EC0-301F-11D3-BF4B-00C04F79EFBC}") = "UniTask.Linq", "UniTask.Linq.csproj", "{baf0921d-1548-001e-18dc-df764cd74b95}"
EndProject
Project("{FAE04EC0-301F-11D3-BF4B-00C04F79EFBC}") = "UniTask", "UniTask.csproj", "{a76c1f0d-75a5-a8e7-9a61-fb4f86e70bd5}"
EndProject
Project("{FAE04EC0-301F-11D3-BF4B-00C04F79EFBC}") = "Assembly-CSharp", "Assembly-CSharp.csproj", "{4ec54047-67b2-6390-846e-bc3750088f61}"
EndProject
Project("{FAE04EC0-301F-11D3-BF4B-00C04F79EFBC}") = "HSVPicker.Editors", "HSVPicker.Editors.csproj", "{ad283c45-d8fb-38a9-0358-dd1e2153f808}"
EndProject
Project("{FAE04EC0-301F-11D3-BF4B-00C04F79EFBC}") = "DOTween.Modules", "DOTween.Modules.csproj", "{2fa91c01-802b-2692-0fea-acb13423c5db}"
EndProject
Project("{FAE04EC0-301F-11D3-BF4B-00C04F79EFBC}") = "HSVPicker", "HSVPicker.csproj", "{445df88d-821f-8ca5-608d-7849234250e3}"
EndProject
Project("{FAE04EC0-301F-11D3-BF4B-00C04F79EFBC}") = "UniTask.Addressables", "UniTask.Addressables.csproj", "{f84b8e02-5efc-1165-4e5b-52aa1b658a16}"
EndProject
Project("{FAE04EC0-301F-11D3-BF4B-00C04F79EFBC}") = "Assembly-CSharp-Editor", "Assembly-CSharp-Editor.csproj", "{2c00b5c6-6f2f-ce17-d250-5f2e71af1780}"
EndProject
Project("{FAE04EC0-301F-11D3-BF4B-00C04F79EFBC}") = "UniTask.TextMeshPro", "UniTask.TextMeshPro.csproj", "{bc92ef6e-4b8d-b9c5-84db-a7545aa7d454}"
EndProject
Project("{FAE04EC0-301F-11D3-BF4B-00C04F79EFBC}") = "UniTask.DOTween", "UniTask.DOTween.csproj", "{95207092-b8ec-156f-f6e0-517285cbeb57}"
EndProject
Project("{FAE04EC0-301F-11D3-BF4B-00C04F79EFBC}") = "UniTask.Editor", "UniTask.Editor.csproj", "{1a4c76c8-61e5-6a30-2bc9-ed66911340e3}"
EndProject
Project("{FAE04EC0-301F-11D3-BF4B-00C04F79EFBC}") = "Assembly-CSharp-Editor-firstpass", "Assembly-CSharp-Editor-firstpass.csproj", "{2040d0ae-358d-4bb4-ee85-efb6a145d438}"
EndProject
Project("{FAE04EC0-301F-11D3-BF4B-00C04F79EFBC}") = "Assembly-CSharp-firstpass", "Assembly-CSharp-firstpass.csproj", "{9edddd33-0e39-5a78-b034-ddc75c5a6aa9}"
EndProject
Global
	GlobalSection(SolutionConfigurationPlatforms) = preSolution
		Debug|Any CPU = Debug|Any CPU
	EndGlobalSection
	GlobalSection(ProjectConfigurationPlatforms) = postSolution
		{baf0921d-1548-001e-18dc-df764cd74b95}.Debug|Any CPU.ActiveCfg = Debug|Any CPU
		{baf0921d-1548-001e-18dc-df764cd74b95}.Debug|Any CPU.Build.0 = Debug|Any CPU
		{a76c1f0d-75a5-a8e7-9a61-fb4f86e70bd5}.Debug|Any CPU.ActiveCfg = Debug|Any CPU
		{a76c1f0d-75a5-a8e7-9a61-fb4f86e70bd5}.Debug|Any CPU.Build.0 = Debug|Any CPU
		{4ec54047-67b2-6390-846e-bc3750088f61}.Debug|Any CPU.ActiveCfg = Debug|Any CPU
		{4ec54047-67b2-6390-846e-bc3750088f61}.Debug|Any CPU.Build.0 = Debug|Any CPU
		{ad283c45-d8fb-38a9-0358-dd1e2153f808}.Debug|Any CPU.ActiveCfg = Debug|Any CPU
		{ad283c45-d8fb-38a9-0358-dd1e2153f808}.Debug|Any CPU.Build.0 = Debug|Any CPU
		{2fa91c01-802b-2692-0fea-acb13423c5db}.Debug|Any CPU.ActiveCfg = Debug|Any CPU
		{2fa91c01-802b-2692-0fea-acb13423c5db}.Debug|Any CPU.Build.0 = Debug|Any CPU
		{445df88d-821f-8ca5-608d-7849234250e3}.Debug|Any CPU.ActiveCfg = Debug|Any CPU
		{445df88d-821f-8ca5-608d-7849234250e3}.Debug|Any CPU.Build.0 = Debug|Any CPU
		{f84b8e02-5efc-1165-4e5b-52aa1b658a16}.Debug|Any CPU.ActiveCfg = Debug|Any CPU
		{f84b8e02-5efc-1165-4e5b-52aa1b658a16}.Debug|Any CPU.Build.0 = Debug|Any CPU
		{2c00b5c6-6f2f-ce17-d250-5f2e71af1780}.Debug|Any CPU.ActiveCfg = Debug|Any CPU
		{2c00b5c6-6f2f-ce17-d250-5f2e71af1780}.Debug|Any CPU.Build.0 = Debug|Any CPU
		{bc92ef6e-4b8d-b9c5-84db-a7545aa7d454}.Debug|Any CPU.ActiveCfg = Debug|Any CPU
		{bc92ef6e-4b8d-b9c5-84db-a7545aa7d454}.Debug|Any CPU.Build.0 = Debug|Any CPU
		{95207092-b8ec-156f-f6e0-517285cbeb57}.Debug|Any CPU.ActiveCfg = Debug|Any CPU
		{95207092-b8ec-156f-f6e0-517285cbeb57}.Debug|Any CPU.Build.0 = Debug|Any CPU
		{1a4c76c8-61e5-6a30-2bc9-ed66911340e3}.Debug|Any CPU.ActiveCfg = Debug|Any CPU
		{1a4c76c8-61e5-6a30-2bc9-ed66911340e3}.Debug|Any CPU.Build.0 = Debug|Any CPU
		{2040d0ae-358d-4bb4-ee85-efb6a145d438}.Debug|Any CPU.ActiveCfg = Debug|Any CPU
		{2040d0ae-358d-4bb4-ee85-efb6a145d438}.Debug|Any CPU.Build.0 = Debug|Any CPU
		{9edddd33-0e39-5a78-b034-ddc75c5a6aa9}.Debug|Any CPU.ActiveCfg = Debug|Any CPU
		{9edddd33-0e39-5a78-b034-ddc75c5a6aa9}.Debug|Any CPU.Build.0 = Debug|Any CPU
	EndGlobalSection
	GlobalSection(SolutionProperties) = preSolution
		HideSolutionNode = FALSE
	EndGlobalSection
EndGlobal
